// !$*UTF8*$!
{
	archiveVersion = 1;
	classes = {
	};
	objectVersion = 56;
	objects = {

/* Begin PBXBuildFile section */
		99AE86762AA7021A00208AEE /* SpotReviewRowView.swift in Sources */ = {isa = PBXBuildFile; fileRef = 99AE86752AA7021A00208AEE /* SpotReviewRowView.swift */; };
		99BD56A92AA85FAA008DD911 /* Photo.swift in Sources */ = {isa = PBXBuildFile; fileRef = 99BD56A82AA85FAA008DD911 /* Photo.swift */; };
		99D363A02A9F7BD700AE7627 /* SnacktackularApp.swift in Sources */ = {isa = PBXBuildFile; fileRef = 99D3639F2A9F7BD700AE7627 /* SnacktackularApp.swift */; };
		99D363A22A9F7BD700AE7627 /* LoginView.swift in Sources */ = {isa = PBXBuildFile; fileRef = 99D363A12A9F7BD700AE7627 /* LoginView.swift */; };
		99D363A42A9F7BD900AE7627 /* Assets.xcassets in Resources */ = {isa = PBXBuildFile; fileRef = 99D363A32A9F7BD900AE7627 /* Assets.xcassets */; };
		99D363A72A9F7BD900AE7627 /* Preview Assets.xcassets in Resources */ = {isa = PBXBuildFile; fileRef = 99D363A62A9F7BD900AE7627 /* Preview Assets.xcassets */; };
		99D363B02A9F7E9B00AE7627 /* FirebaseAuth in Frameworks */ = {isa = PBXBuildFile; productRef = 99D363AF2A9F7E9B00AE7627 /* FirebaseAuth */; };
		99D363B22A9F7E9B00AE7627 /* FirebaseFirestore in Frameworks */ = {isa = PBXBuildFile; productRef = 99D363B12A9F7E9B00AE7627 /* FirebaseFirestore */; };
		99D363B42A9F7E9B00AE7627 /* FirebaseFirestoreSwift in Frameworks */ = {isa = PBXBuildFile; productRef = 99D363B32A9F7E9B00AE7627 /* FirebaseFirestoreSwift */; };
		99D363B62A9F7E9B00AE7627 /* FirebaseStorage in Frameworks */ = {isa = PBXBuildFile; productRef = 99D363B52A9F7E9B00AE7627 /* FirebaseStorage */; };
		99D363B82A9F821A00AE7627 /* GoogleService-Info.plist in Resources */ = {isa = PBXBuildFile; fileRef = 99D363B72A9F821A00AE7627 /* GoogleService-Info.plist */; };
		99D363BA2A9F9AEA00AE7627 /* ListView.swift in Sources */ = {isa = PBXBuildFile; fileRef = 99D363B92A9F9AEA00AE7627 /* ListView.swift */; };
		99D363BC2A9FC4BC00AE7627 /* Spot.swift in Sources */ = {isa = PBXBuildFile; fileRef = 99D363BB2A9FC4BC00AE7627 /* Spot.swift */; };
		99D363BE2A9FC61A00AE7627 /* SpotDetailView.swift in Sources */ = {isa = PBXBuildFile; fileRef = 99D363BD2A9FC61A00AE7627 /* SpotDetailView.swift */; };
		99D363C02A9FCABF00AE7627 /* SpotViewModel.swift in Sources */ = {isa = PBXBuildFile; fileRef = 99D363BF2A9FCABF00AE7627 /* SpotViewModel.swift */; };
		99D363E72AA0D4EB00AE7627 /* PlaceLookupView.swift in Sources */ = {isa = PBXBuildFile; fileRef = 99D363E32AA0D4EA00AE7627 /* PlaceLookupView.swift */; };
		99D363E82AA0D4EB00AE7627 /* Place.swift in Sources */ = {isa = PBXBuildFile; fileRef = 99D363E42AA0D4EB00AE7627 /* Place.swift */; };
		99D363E92AA0D4EB00AE7627 /* LocationManager.swift in Sources */ = {isa = PBXBuildFile; fileRef = 99D363E52AA0D4EB00AE7627 /* LocationManager.swift */; };
		99D363EA2AA0D4EB00AE7627 /* PlaceViewModel.swift in Sources */ = {isa = PBXBuildFile; fileRef = 99D363E62AA0D4EB00AE7627 /* PlaceViewModel.swift */; };
		99D363EE2AA1BE6500AE7627 /* Review.swift in Sources */ = {isa = PBXBuildFile; fileRef = 99D363ED2AA1BE6500AE7627 /* Review.swift */; };
		99D363F12AA1C0C300AE7627 /* ReviewView.swift in Sources */ = {isa = PBXBuildFile; fileRef = 99D363F02AA1C0C300AE7627 /* ReviewView.swift */; };
		99D363F32AA1C80E00AE7627 /* StarSelectionView.swift in Sources */ = {isa = PBXBuildFile; fileRef = 99D363F22AA1C80E00AE7627 /* StarSelectionView.swift */; };
		99D363F52AA2334A00AE7627 /* ReviewViewModel.swift in Sources */ = {isa = PBXBuildFile; fileRef = 99D363F42AA2334A00AE7627 /* ReviewViewModel.swift */; };
/* End PBXBuildFile section */

/* Begin PBXFileReference section */
		99AE86752AA7021A00208AEE /* SpotReviewRowView.swift */ = {isa = PBXFileReference; lastKnownFileType = sourcecode.swift; path = SpotReviewRowView.swift; sourceTree = "<group>"; };
		99BD56A82AA85FAA008DD911 /* Photo.swift */ = {isa = PBXFileReference; lastKnownFileType = sourcecode.swift; path = Photo.swift; sourceTree = "<group>"; };
		99D3639C2A9F7BD700AE7627 /* Snacktackular.app */ = {isa = PBXFileReference; explicitFileType = wrapper.application; includeInIndex = 0; path = Snacktackular.app; sourceTree = BUILT_PRODUCTS_DIR; };
		99D3639F2A9F7BD700AE7627 /* SnacktackularApp.swift */ = {isa = PBXFileReference; lastKnownFileType = sourcecode.swift; path = SnacktackularApp.swift; sourceTree = "<group>"; };
		99D363A12A9F7BD700AE7627 /* LoginView.swift */ = {isa = PBXFileReference; lastKnownFileType = sourcecode.swift; path = LoginView.swift; sourceTree = "<group>"; };
		99D363A32A9F7BD900AE7627 /* Assets.xcassets */ = {isa = PBXFileReference; lastKnownFileType = folder.assetcatalog; path = Assets.xcassets; sourceTree = "<group>"; };
		99D363A62A9F7BD900AE7627 /* Preview Assets.xcassets */ = {isa = PBXFileReference; lastKnownFileType = folder.assetcatalog; path = "Preview Assets.xcassets"; sourceTree = "<group>"; };
		99D363AD2A9F7C7000AE7627 /* Info.plist */ = {isa = PBXFileReference; lastKnownFileType = text.plist; path = Info.plist; sourceTree = "<group>"; };
		99D363B72A9F821A00AE7627 /* GoogleService-Info.plist */ = {isa = PBXFileReference; fileEncoding = 4; lastKnownFileType = text.plist.xml; path = "GoogleService-Info.plist"; sourceTree = "<group>"; };
		99D363B92A9F9AEA00AE7627 /* ListView.swift */ = {isa = PBXFileReference; lastKnownFileType = sourcecode.swift; path = ListView.swift; sourceTree = "<group>"; };
		99D363BB2A9FC4BC00AE7627 /* Spot.swift */ = {isa = PBXFileReference; lastKnownFileType = sourcecode.swift; path = Spot.swift; sourceTree = "<group>"; };
		99D363BD2A9FC61A00AE7627 /* SpotDetailView.swift */ = {isa = PBXFileReference; lastKnownFileType = sourcecode.swift; path = SpotDetailView.swift; sourceTree = "<group>"; };
		99D363BF2A9FCABF00AE7627 /* SpotViewModel.swift */ = {isa = PBXFileReference; lastKnownFileType = sourcecode.swift; path = SpotViewModel.swift; sourceTree = "<group>"; };
		99D363E32AA0D4EA00AE7627 /* PlaceLookupView.swift */ = {isa = PBXFileReference; fileEncoding = 4; lastKnownFileType = sourcecode.swift; path = PlaceLookupView.swift; sourceTree = "<group>"; };
		99D363E42AA0D4EB00AE7627 /* Place.swift */ = {isa = PBXFileReference; fileEncoding = 4; lastKnownFileType = sourcecode.swift; path = Place.swift; sourceTree = "<group>"; };
		99D363E52AA0D4EB00AE7627 /* LocationManager.swift */ = {isa = PBXFileReference; fileEncoding = 4; lastKnownFileType = sourcecode.swift; path = LocationManager.swift; sourceTree = "<group>"; };
		99D363E62AA0D4EB00AE7627 /* PlaceViewModel.swift */ = {isa = PBXFileReference; fileEncoding = 4; lastKnownFileType = sourcecode.swift; path = PlaceViewModel.swift; sourceTree = "<group>"; };
		99D363ED2AA1BE6500AE7627 /* Review.swift */ = {isa = PBXFileReference; lastKnownFileType = sourcecode.swift; path = Review.swift; sourceTree = "<group>"; };
		99D363F02AA1C0C300AE7627 /* ReviewView.swift */ = {isa = PBXFileReference; lastKnownFileType = sourcecode.swift; path = ReviewView.swift; sourceTree = "<group>"; };
		99D363F22AA1C80E00AE7627 /* StarSelectionView.swift */ = {isa = PBXFileReference; lastKnownFileType = sourcecode.swift; path = StarSelectionView.swift; sourceTree = "<group>"; };
		99D363F42AA2334A00AE7627 /* ReviewViewModel.swift */ = {isa = PBXFileReference; lastKnownFileType = sourcecode.swift; path = ReviewViewModel.swift; sourceTree = "<group>"; };
/* End PBXFileReference section */

/* Begin PBXFrameworksBuildPhase section */
		99D363992A9F7BD700AE7627 /* Frameworks */ = {
			isa = PBXFrameworksBuildPhase;
			buildActionMask = 2147483647;
			files = (
				99D363B02A9F7E9B00AE7627 /* FirebaseAuth in Frameworks */,
				99D363B62A9F7E9B00AE7627 /* FirebaseStorage in Frameworks */,
				99D363B22A9F7E9B00AE7627 /* FirebaseFirestore in Frameworks */,
				99D363B42A9F7E9B00AE7627 /* FirebaseFirestoreSwift in Frameworks */,
			);
			runOnlyForDeploymentPostprocessing = 0;
		};
/* End PBXFrameworksBuildPhase section */

/* Begin PBXGroup section */
		99D363932A9F7BD700AE7627 = {
			isa = PBXGroup;
			children = (
				99D3639E2A9F7BD700AE7627 /* Snacktackular */,
				99D3639D2A9F7BD700AE7627 /* Products */,
			);
			sourceTree = "<group>";
		};
		99D3639D2A9F7BD700AE7627 /* Products */ = {
			isa = PBXGroup;
			children = (
				99D3639C2A9F7BD700AE7627 /* Snacktackular.app */,
			);
			name = Products;
			sourceTree = "<group>";
		};
		99D3639E2A9F7BD700AE7627 /* Snacktackular */ = {
			isa = PBXGroup;
			children = (
				99D363B72A9F821A00AE7627 /* GoogleService-Info.plist */,
				99D363AD2A9F7C7000AE7627 /* Info.plist */,
				99D3639F2A9F7BD700AE7627 /* SnacktackularApp.swift */,
				99D363EF2AA1BF7800AE7627 /* Views */,
				99D363EC2AA1BDF300AE7627 /* ViewModels */,
				99D363EB2AA1BDCE00AE7627 /* Models */,
				99D363A32A9F7BD900AE7627 /* Assets.xcassets */,
				99D363A52A9F7BD900AE7627 /* Preview Content */,
			);
			path = Snacktackular;
			sourceTree = "<group>";
		};
		99D363A52A9F7BD900AE7627 /* Preview Content */ = {
			isa = PBXGroup;
			children = (
				99D363A62A9F7BD900AE7627 /* Preview Assets.xcassets */,
			);
			path = "Preview Content";
			sourceTree = "<group>";
		};
		99D363EB2AA1BDCE00AE7627 /* Models */ = {
			isa = PBXGroup;
			children = (
				99D363BB2A9FC4BC00AE7627 /* Spot.swift */,
				99D363E42AA0D4EB00AE7627 /* Place.swift */,
				99D363ED2AA1BE6500AE7627 /* Review.swift */,
				99BD56A82AA85FAA008DD911 /* Photo.swift */,
			);
			path = Models;
			sourceTree = "<group>";
		};
		99D363EC2AA1BDF300AE7627 /* ViewModels */ = {
			isa = PBXGroup;
			children = (
				99D363E52AA0D4EB00AE7627 /* LocationManager.swift */,
				99D363E62AA0D4EB00AE7627 /* PlaceViewModel.swift */,
				99D363BF2A9FCABF00AE7627 /* SpotViewModel.swift */,
				99D363F42AA2334A00AE7627 /* ReviewViewModel.swift */,
			);
			path = ViewModels;
			sourceTree = "<group>";
		};
		99D363EF2AA1BF7800AE7627 /* Views */ = {
			isa = PBXGroup;
			children = (
				99D363A12A9F7BD700AE7627 /* LoginView.swift */,
				99D363B92A9F9AEA00AE7627 /* ListView.swift */,
				99D363BD2A9FC61A00AE7627 /* SpotDetailView.swift */,
				99D363E32AA0D4EA00AE7627 /* PlaceLookupView.swift */,
				99D363F02AA1C0C300AE7627 /* ReviewView.swift */,
				99D363F22AA1C80E00AE7627 /* StarSelectionView.swift */,
				99AE86752AA7021A00208AEE /* SpotReviewRowView.swift */,
			);
			path = Views;
			sourceTree = "<group>";
		};
/* End PBXGroup section */

/* Begin PBXNativeTarget section */
		99D3639B2A9F7BD700AE7627 /* Snacktackular */ = {
			isa = PBXNativeTarget;
			buildConfigurationList = 99D363AA2A9F7BD900AE7627 /* Build configuration list for PBXNativeTarget "Snacktackular" */;
			buildPhases = (
				99D363982A9F7BD700AE7627 /* Sources */,
				99D363992A9F7BD700AE7627 /* Frameworks */,
				99D3639A2A9F7BD700AE7627 /* Resources */,
			);
			buildRules = (
			);
			dependencies = (
			);
			name = Snacktackular;
			packageProductDependencies = (
				99D363AF2A9F7E9B00AE7627 /* FirebaseAuth */,
				99D363B12A9F7E9B00AE7627 /* FirebaseFirestore */,
				99D363B32A9F7E9B00AE7627 /* FirebaseFirestoreSwift */,
				99D363B52A9F7E9B00AE7627 /* FirebaseStorage */,
			);
			productName = Snacktackular;
			productReference = 99D3639C2A9F7BD700AE7627 /* Snacktackular.app */;
			productType = "com.apple.product-type.application";
		};
/* End PBXNativeTarget section */

/* Begin PBXProject section */
		99D363942A9F7BD700AE7627 /* Project object */ = {
			isa = PBXProject;
			attributes = {
				BuildIndependentTargetsInParallel = 1;
				LastSwiftUpdateCheck = 1430;
				LastUpgradeCheck = 1430;
				TargetAttributes = {
					99D3639B2A9F7BD700AE7627 = {
						CreatedOnToolsVersion = 14.3.1;
					};
				};
			};
			buildConfigurationList = 99D363972A9F7BD700AE7627 /* Build configuration list for PBXProject "Snacktackular" */;
			compatibilityVersion = "Xcode 14.0";
			developmentRegion = en;
			hasScannedForEncodings = 0;
			knownRegions = (
				en,
				Base,
			);
			mainGroup = 99D363932A9F7BD700AE7627;
			packageReferences = (
				99D363AE2A9F7E9B00AE7627 /* XCRemoteSwiftPackageReference "firebase-ios-sdk" */,
			);
			productRefGroup = 99D3639D2A9F7BD700AE7627 /* Products */;
			projectDirPath = "";
			projectRoot = "";
			targets = (
				99D3639B2A9F7BD700AE7627 /* Snacktackular */,
			);
		};
/* End PBXProject section */

/* Begin PBXResourcesBuildPhase section */
		99D3639A2A9F7BD700AE7627 /* Resources */ = {
			isa = PBXResourcesBuildPhase;
			buildActionMask = 2147483647;
			files = (
				99D363A72A9F7BD900AE7627 /* Preview Assets.xcassets in Resources */,
				99D363A42A9F7BD900AE7627 /* Assets.xcassets in Resources */,
				99D363B82A9F821A00AE7627 /* GoogleService-Info.plist in Resources */,
			);
			runOnlyForDeploymentPostprocessing = 0;
		};
/* End PBXResourcesBuildPhase section */

/* Begin PBXSourcesBuildPhase section */
		99D363982A9F7BD700AE7627 /* Sources */ = {
			isa = PBXSourcesBuildPhase;
			buildActionMask = 2147483647;
			files = (
				99BD56A92AA85FAA008DD911 /* Photo.swift in Sources */,
				99D363BE2A9FC61A00AE7627 /* SpotDetailView.swift in Sources */,
				99D363E72AA0D4EB00AE7627 /* PlaceLookupView.swift in Sources */,
				99D363F52AA2334A00AE7627 /* ReviewViewModel.swift in Sources */,
				99D363A22A9F7BD700AE7627 /* LoginView.swift in Sources */,
				99D363E82AA0D4EB00AE7627 /* Place.swift in Sources */,
				99D363F12AA1C0C300AE7627 /* ReviewView.swift in Sources */,
				99AE86762AA7021A00208AEE /* SpotReviewRowView.swift in Sources */,
				99D363C02A9FCABF00AE7627 /* SpotViewModel.swift in Sources */,
				99D363A02A9F7BD700AE7627 /* SnacktackularApp.swift in Sources */,
				99D363EE2AA1BE6500AE7627 /* Review.swift in Sources */,
				99D363EA2AA0D4EB00AE7627 /* PlaceViewModel.swift in Sources */,
				99D363BA2A9F9AEA00AE7627 /* ListView.swift in Sources */,
				99D363BC2A9FC4BC00AE7627 /* Spot.swift in Sources */,
				99D363E92AA0D4EB00AE7627 /* LocationManager.swift in Sources */,
				99D363F32AA1C80E00AE7627 /* StarSelectionView.swift in Sources */,
			);
			runOnlyForDeploymentPostprocessing = 0;
		};
/* End PBXSourcesBuildPhase section */

/* Begin XCBuildConfiguration section */
		99D363A82A9F7BD900AE7627 /* Debug */ = {
			isa = XCBuildConfiguration;
			buildSettings = {
				ALWAYS_SEARCH_USER_PATHS = NO;
				CLANG_ANALYZER_NONNULL = YES;
				CLANG_ANALYZER_NUMBER_OBJECT_CONVERSION = YES_AGGRESSIVE;
				CLANG_CXX_LANGUAGE_STANDARD = "gnu++20";
				CLANG_ENABLE_MODULES = YES;
				CLANG_ENABLE_OBJC_ARC = YES;
				CLANG_ENABLE_OBJC_WEAK = YES;
				CLANG_WARN_BLOCK_CAPTURE_AUTORELEASING = YES;
				CLANG_WARN_BOOL_CONVERSION = YES;
				CLANG_WARN_COMMA = YES;
				CLANG_WARN_CONSTANT_CONVERSION = YES;
				CLANG_WARN_DEPRECATED_OBJC_IMPLEMENTATIONS = YES;
				CLANG_WARN_DIRECT_OBJC_ISA_USAGE = YES_ERROR;
				CLANG_WARN_DOCUMENTATION_COMMENTS = YES;
				CLANG_WARN_EMPTY_BODY = YES;
				CLANG_WARN_ENUM_CONVERSION = YES;
				CLANG_WARN_INFINITE_RECURSION = YES;
				CLANG_WARN_INT_CONVERSION = YES;
				CLANG_WARN_NON_LITERAL_NULL_CONVERSION = YES;
				CLANG_WARN_OBJC_IMPLICIT_RETAIN_SELF = YES;
				CLANG_WARN_OBJC_LITERAL_CONVERSION = YES;
				CLANG_WARN_OBJC_ROOT_CLASS = YES_ERROR;
				CLANG_WARN_QUOTED_INCLUDE_IN_FRAMEWORK_HEADER = YES;
				CLANG_WARN_RANGE_LOOP_ANALYSIS = YES;
				CLANG_WARN_STRICT_PROTOTYPES = YES;
				CLANG_WARN_SUSPICIOUS_MOVE = YES;
				CLANG_WARN_UNGUARDED_AVAILABILITY = YES_AGGRESSIVE;
				CLANG_WARN_UNREACHABLE_CODE = YES;
				CLANG_WARN__DUPLICATE_METHOD_MATCH = YES;
				COPY_PHASE_STRIP = NO;
				DEBUG_INFORMATION_FORMAT = dwarf;
				ENABLE_STRICT_OBJC_MSGSEND = YES;
				ENABLE_TESTABILITY = YES;
				GCC_C_LANGUAGE_STANDARD = gnu11;
				GCC_DYNAMIC_NO_PIC = NO;
				GCC_NO_COMMON_BLOCKS = YES;
				GCC_OPTIMIZATION_LEVEL = 0;
				GCC_PREPROCESSOR_DEFINITIONS = (
					"DEBUG=1",
					"$(inherited)",
				);
				GCC_WARN_64_TO_32_BIT_CONVERSION = YES;
				GCC_WARN_ABOUT_RETURN_TYPE = YES_ERROR;
				GCC_WARN_UNDECLARED_SELECTOR = YES;
				GCC_WARN_UNINITIALIZED_AUTOS = YES_AGGRESSIVE;
				GCC_WARN_UNUSED_FUNCTION = YES;
				GCC_WARN_UNUSED_VARIABLE = YES;
				IPHONEOS_DEPLOYMENT_TARGET = 16.4;
				MTL_ENABLE_DEBUG_INFO = INCLUDE_SOURCE;
				MTL_FAST_MATH = YES;
				ONLY_ACTIVE_ARCH = YES;
				SDKROOT = iphoneos;
				SWIFT_ACTIVE_COMPILATION_CONDITIONS = DEBUG;
				SWIFT_OPTIMIZATION_LEVEL = "-Onone";
			};
			name = Debug;
		};
		99D363A92A9F7BD900AE7627 /* Release */ = {
			isa = XCBuildConfiguration;
			buildSettings = {
				ALWAYS_SEARCH_USER_PATHS = NO;
				CLANG_ANALYZER_NONNULL = YES;
				CLANG_ANALYZER_NUMBER_OBJECT_CONVERSION = YES_AGGRESSIVE;
				CLANG_CXX_LANGUAGE_STANDARD = "gnu++20";
				CLANG_ENABLE_MODULES = YES;
				CLANG_ENABLE_OBJC_ARC = YES;
				CLANG_ENABLE_OBJC_WEAK = YES;
				CLANG_WARN_BLOCK_CAPTURE_AUTORELEASING = YES;
				CLANG_WARN_BOOL_CONVERSION = YES;
				CLANG_WARN_COMMA = YES;
				CLANG_WARN_CONSTANT_CONVERSION = YES;
				CLANG_WARN_DEPRECATED_OBJC_IMPLEMENTATIONS = YES;
				CLANG_WARN_DIRECT_OBJC_ISA_USAGE = YES_ERROR;
				CLANG_WARN_DOCUMENTATION_COMMENTS = YES;
				CLANG_WARN_EMPTY_BODY = YES;
				CLANG_WARN_ENUM_CONVERSION = YES;
				CLANG_WARN_INFINITE_RECURSION = YES;
				CLANG_WARN_INT_CONVERSION = YES;
				CLANG_WARN_NON_LITERAL_NULL_CONVERSION = YES;
				CLANG_WARN_OBJC_IMPLICIT_RETAIN_SELF = YES;
				CLANG_WARN_OBJC_LITERAL_CONVERSION = YES;
				CLANG_WARN_OBJC_ROOT_CLASS = YES_ERROR;
				CLANG_WARN_QUOTED_INCLUDE_IN_FRAMEWORK_HEADER = YES;
				CLANG_WARN_RANGE_LOOP_ANALYSIS = YES;
				CLANG_WARN_STRICT_PROTOTYPES = YES;
				CLANG_WARN_SUSPICIOUS_MOVE = YES;
				CLANG_WARN_UNGUARDED_AVAILABILITY = YES_AGGRESSIVE;
				CLANG_WARN_UNREACHABLE_CODE = YES;
				CLANG_WARN__DUPLICATE_METHOD_MATCH = YES;
				COPY_PHASE_STRIP = NO;
				DEBUG_INFORMATION_FORMAT = "dwarf-with-dsym";
				ENABLE_NS_ASSERTIONS = NO;
				ENABLE_STRICT_OBJC_MSGSEND = YES;
				GCC_C_LANGUAGE_STANDARD = gnu11;
				GCC_NO_COMMON_BLOCKS = YES;
				GCC_WARN_64_TO_32_BIT_CONVERSION = YES;
				GCC_WARN_ABOUT_RETURN_TYPE = YES_ERROR;
				GCC_WARN_UNDECLARED_SELECTOR = YES;
				GCC_WARN_UNINITIALIZED_AUTOS = YES_AGGRESSIVE;
				GCC_WARN_UNUSED_FUNCTION = YES;
				GCC_WARN_UNUSED_VARIABLE = YES;
				IPHONEOS_DEPLOYMENT_TARGET = 16.4;
				MTL_ENABLE_DEBUG_INFO = NO;
				MTL_FAST_MATH = YES;
				SDKROOT = iphoneos;
				SWIFT_COMPILATION_MODE = wholemodule;
				SWIFT_OPTIMIZATION_LEVEL = "-O";
				VALIDATE_PRODUCT = YES;
			};
			name = Release;
		};
		99D363AB2A9F7BD900AE7627 /* Debug */ = {
			isa = XCBuildConfiguration;
			buildSettings = {
				ASSETCATALOG_COMPILER_APPICON_NAME = AppIcon;
				ASSETCATALOG_COMPILER_GLOBAL_ACCENT_COLOR_NAME = AccentColor;
				CODE_SIGN_STYLE = Automatic;
				CURRENT_PROJECT_VERSION = 1;
				DEVELOPMENT_ASSET_PATHS = "\"Snacktackular/Preview Content\"";
				DEVELOPMENT_TEAM = 438XUBP5L4;
				ENABLE_PREVIEWS = YES;
				GENERATE_INFOPLIST_FILE = YES;
				INFOPLIST_FILE = Snacktackular/Info.plist;
				INFOPLIST_KEY_NSLocationAlwaysAndWhenInUseUsageDescription = "This app needs access to location";
				INFOPLIST_KEY_NSLocationWhenInUseUsageDescription = "This app needs access to location";
				INFOPLIST_KEY_UIApplicationSceneManifest_Generation = YES;
				INFOPLIST_KEY_UIApplicationSupportsIndirectInputEvents = YES;
				INFOPLIST_KEY_UISupportedInterfaceOrientations_iPad = "UIInterfaceOrientationPortrait UIInterfaceOrientationPortraitUpsideDown UIInterfaceOrientationLandscapeLeft UIInterfaceOrientationLandscapeRight";
				INFOPLIST_KEY_UISupportedInterfaceOrientations_iPhone = "UIInterfaceOrientationPortrait UIInterfaceOrientationLandscapeLeft UIInterfaceOrientationLandscapeRight";
				LD_RUNPATH_SEARCH_PATHS = (
					"$(inherited)",
					"@executable_path/Frameworks",
				);
				MARKETING_VERSION = 1.0;
				PRODUCT_BUNDLE_IDENTIFIER = com.francescamacdonald.Snacktackular;
				PRODUCT_NAME = "$(TARGET_NAME)";
				SWIFT_EMIT_LOC_STRINGS = YES;
				SWIFT_VERSION = 5.0;
				TARGETED_DEVICE_FAMILY = "1,2";
			};
			name = Debug;
		};
		99D363AC2A9F7BD900AE7627 /* Release */ = {
			isa = XCBuildConfiguration;
			buildSettings = {
				ASSETCATALOG_COMPILER_APPICON_NAME = AppIcon;
				ASSETCATALOG_COMPILER_GLOBAL_ACCENT_COLOR_NAME = AccentColor;
				CODE_SIGN_STYLE = Automatic;
				CURRENT_PROJECT_VERSION = 1;
				DEVELOPMENT_ASSET_PATHS = "\"Snacktackular/Preview Content\"";
				DEVELOPMENT_TEAM = 438XUBP5L4;
				ENABLE_PREVIEWS = YES;
				GENERATE_INFOPLIST_FILE = YES;
				INFOPLIST_FILE = Snacktackular/Info.plist;
				INFOPLIST_KEY_NSLocationAlwaysAndWhenInUseUsageDescription = "This app needs access to location";
				INFOPLIST_KEY_NSLocationWhenInUseUsageDescription = "This app needs access to location";
				INFOPLIST_KEY_UIApplicationSceneManifest_Generation = YES;
				INFOPLIST_KEY_UIApplicationSupportsIndirectInputEvents = YES;
				INFOPLIST_KEY_UISupportedInterfaceOrientations_iPad = "UIInterfaceOrientationPortrait UIInterfaceOrientationPortraitUpsideDown UIInterfaceOrientationLandscapeLeft UIInterfaceOrientationLandscapeRight";
				INFOPLIST_KEY_UISupportedInterfaceOrientations_iPhone = "UIInterfaceOrientationPortrait UIInterfaceOrientationLandscapeLeft UIInterfaceOrientationLandscapeRight";
				LD_RUNPATH_SEARCH_PATHS = (
					"$(inherited)",
					"@executable_path/Frameworks",
				);
				MARKETING_VERSION = 1.0;
				PRODUCT_BUNDLE_IDENTIFIER = com.francescamacdonald.Snacktackular;
				PRODUCT_NAME = "$(TARGET_NAME)";
				SWIFT_EMIT_LOC_STRINGS = YES;
				SWIFT_VERSION = 5.0;
				TARGETED_DEVICE_FAMILY = "1,2";
			};
			name = Release;
		};
/* End XCBuildConfiguration section */

/* Begin XCConfigurationList section */
		99D363972A9F7BD700AE7627 /* Build configuration list for PBXProject "Snacktackular" */ = {
			isa = XCConfigurationList;
			buildConfigurations = (
				99D363A82A9F7BD900AE7627 /* Debug */,
				99D363A92A9F7BD900AE7627 /* Release */,
			);
			defaultConfigurationIsVisible = 0;
			defaultConfigurationName = Release;
		};
		99D363AA2A9F7BD900AE7627 /* Build configuration list for PBXNativeTarget "Snacktackular" */ = {
			isa = XCConfigurationList;
			buildConfigurations = (
				99D363AB2A9F7BD900AE7627 /* Debug */,
				99D363AC2A9F7BD900AE7627 /* Release */,
			);
			defaultConfigurationIsVisible = 0;
			defaultConfigurationName = Release;
		};
/* End XCConfigurationList section */

/* Begin XCRemoteSwiftPackageReference section */
		99D363AE2A9F7E9B00AE7627 /* XCRemoteSwiftPackageReference "firebase-ios-sdk" */ = {
			isa = XCRemoteSwiftPackageReference;
			repositoryURL = "https://github.com/firebase/firebase-ios-sdk.git";
			requirement = {
				kind = upToNextMajorVersion;
				minimumVersion = 10.0.0;
			};
		};
/* End XCRemoteSwiftPackageReference section */

/* Begin XCSwiftPackageProductDependency section */
		99D363AF2A9F7E9B00AE7627 /* FirebaseAuth */ = {
			isa = XCSwiftPackageProductDependency;
			package = 99D363AE2A9F7E9B00AE7627 /* XCRemoteSwiftPackageReference "firebase-ios-sdk" */;
			productName = FirebaseAuth;
		};
		99D363B12A9F7E9B00AE7627 /* FirebaseFirestore */ = {
			isa = XCSwiftPackageProductDependency;
			package = 99D363AE2A9F7E9B00AE7627 /* XCRemoteSwiftPackageReference "firebase-ios-sdk" */;
			productName = FirebaseFirestore;
		};
		99D363B32A9F7E9B00AE7627 /* FirebaseFirestoreSwift */ = {
			isa = XCSwiftPackageProductDependency;
			package = 99D363AE2A9F7E9B00AE7627 /* XCRemoteSwiftPackageReference "firebase-ios-sdk" */;
			productName = FirebaseFirestoreSwift;
		};
		99D363B52A9F7E9B00AE7627 /* FirebaseStorage */ = {
			isa = XCSwiftPackageProductDependency;
			package = 99D363AE2A9F7E9B00AE7627 /* XCRemoteSwiftPackageReference "firebase-ios-sdk" */;
			productName = FirebaseStorage;
		};
/* End XCSwiftPackageProductDependency section */
	};
	rootObject = 99D363942A9F7BD700AE7627 /* Project object */;
}
